
Microsoft Visual Studio Solution File, Format Version 12.00
# Visual Studio Version 16
VisualStudioVersion = 16.0.31911.196
MinimumVisualStudioVersion = 10.0.40219.1
Project("{8BC9CEB8-8B4A-11D0-8D11-00A0C91BC942}") = "Calculator", "Calculator\Calculator.vcxproj", "{BE0E655A-AC77-47C3-8B03-67FC7C7ECB37}"
EndProject
Global
	GlobalSection(SolutionConfigurationPlatforms) = preSolution
		Debug|x64 = Debug|x64
		Release|x64 = Release|x64
	EndGlobalSection
	GlobalSection(ProjectConfigurationPlatforms) = postSolution
		{BE0E655A-AC77-47C3-8B03-67FC7C7ECB37}.Debug|x64.ActiveCfg = Debug|x64
		{BE0E655A-AC77-47C3-8B03-67FC7C7ECB37}.Debug|x64.Build.0 = Debug|x64
		{BE0E655A-AC77-47C3-8B03-67FC7C7ECB37}.Release|x64.ActiveCfg = Release|x64
		{BE0E655A-AC77-47C3-8B03-67FC7C7ECB37}.Release|x64.Build.0 = Release|x64
	EndGlobalSection
	GlobalSection(SolutionProperties) = preSolution
		HideSolutionNode = FALSE
	EndGlobalSection
	GlobalSection(ExtensibilityGlobals) = postSolution
		SolutionGuid = {BD7061AA-1778-4F1A-ADDB-2EE991664BE2}
	EndGlobalSection
EndGlobal
